// !$*UTF8*$!
{
	archiveVersion = 1;
	classes = {
	};
	objectVersion = 56;
	objects = {

/* Begin PBXBuildFile section */
		505DE21C298E4D6400B6BB13 /* UnDomaine.swift in Sources */ = {isa = PBXBuildFile; fileRef = 505DE21B298E4D6400B6BB13 /* UnDomaine.swift */; };
		505DE21E298E69AC00B6BB13 /* Strategie.swift in Sources */ = {isa = PBXBuildFile; fileRef = 505DE21D298E69AC00B6BB13 /* Strategie.swift */; };
		507B3D5F298BA5290051FCB4 /* Puzzle.swift in Sources */ = {isa = PBXBuildFile; fileRef = 507B3D5E298BA5290051FCB4 /* Puzzle.swift */; };
		507B3D62298BA6010051FCB4 /* Recherche par valeurs.swift in Sources */ = {isa = PBXBuildFile; fileRef = 507B3D61298BA6010051FCB4 /* Recherche par valeurs.swift */; };
		507B3D64298BA75C0051FCB4 /* ExemplesFaciles.swift in Sources */ = {isa = PBXBuildFile; fileRef = 507B3D63298BA75C0051FCB4 /* ExemplesFaciles.swift */; };
		507B3D66298BA7710051FCB4 /* ExemplesMoyens.swift in Sources */ = {isa = PBXBuildFile; fileRef = 507B3D65298BA7710051FCB4 /* ExemplesMoyens.swift */; };
		507B3D68298BAA780051FCB4 /* CodagePuzzle.swift in Sources */ = {isa = PBXBuildFile; fileRef = 507B3D67298BAA780051FCB4 /* CodagePuzzle.swift */; };
		507B3D6A298C4DBE0051FCB4 /* InstanciableParNom.swift in Sources */ = {isa = PBXBuildFile; fileRef = 507B3D69298C4DBE0051FCB4 /* InstanciableParNom.swift */; };
		50820DFE298AC7940087CF21 /* Grille.swift in Sources */ = {isa = PBXBuildFile; fileRef = 50820DFD298AC7940087CF21 /* Grille.swift */; };
		50820E00298AE2F70087CF21 /* ExistenceBijection.swift in Sources */ = {isa = PBXBuildFile; fileRef = 50820DFF298AE2F70087CF21 /* ExistenceBijection.swift */; };
		509659A7298D06EF004CEE8E /* Recherche par cellules.swift in Sources */ = {isa = PBXBuildFile; fileRef = 509659A6298D06EF004CEE8E /* Recherche par cellules.swift */; };
		509659A9298D6644004CEE8E /* RapportDeRecherche.swift in Sources */ = {isa = PBXBuildFile; fileRef = 509659A8298D6644004CEE8E /* RapportDeRecherche.swift */; };
		509659AB298D6D63004CEE8E /* Exemple.swift in Sources */ = {isa = PBXBuildFile; fileRef = 509659AA298D6D63004CEE8E /* Exemple.swift */; };
		509EC73D29897D6E004B1139 /* JeuSudoku_FW.docc in Sources */ = {isa = PBXBuildFile; fileRef = 509EC73C29897D6E004B1139 /* JeuSudoku_FW.docc */; };
		509EC74329897D6E004B1139 /* JeuSudoku_FW.framework in Frameworks */ = {isa = PBXBuildFile; fileRef = 509EC73829897D6E004B1139 /* JeuSudoku_FW.framework */; };
		509EC74829897D6E004B1139 /* JeuSudoku_FWTests.swift in Sources */ = {isa = PBXBuildFile; fileRef = 509EC74729897D6E004B1139 /* JeuSudoku_FWTests.swift */; };
		509EC74929897D6E004B1139 /* JeuSudoku_FW.h in Headers */ = {isa = PBXBuildFile; fileRef = 509EC73B29897D6E004B1139 /* JeuSudoku_FW.h */; settings = {ATTRIBUTES = (Public, ); }; };
		509EC75729898047004B1139 /* Testable.swift in Sources */ = {isa = PBXBuildFile; fileRef = 509EC75629898047004B1139 /* Testable.swift */; };
		509EC7592989809A004B1139 /* Cellule.swift in Sources */ = {isa = PBXBuildFile; fileRef = 509EC7582989809A004B1139 /* Cellule.swift */; };
		509EC75B298980C0004B1139 /* Carre.swift in Sources */ = {isa = PBXBuildFile; fileRef = 509EC75A298980C0004B1139 /* Carre.swift */; };
		509EC75D298980CE004B1139 /* Ligne.swift in Sources */ = {isa = PBXBuildFile; fileRef = 509EC75C298980CE004B1139 /* Ligne.swift */; };
		509EC75F298980DA004B1139 /* Colonne.swift in Sources */ = {isa = PBXBuildFile; fileRef = 509EC75E298980D9004B1139 /* Colonne.swift */; };
		509EC76129898666004B1139 /* Extension Swift.swift in Sources */ = {isa = PBXBuildFile; fileRef = 509EC76029898665004B1139 /* Extension Swift.swift */; };
		509EC76329898839004B1139 /* BandeH.swift in Sources */ = {isa = PBXBuildFile; fileRef = 509EC76229898839004B1139 /* BandeH.swift */; };
		509EC76529898843004B1139 /* BandeV.swift in Sources */ = {isa = PBXBuildFile; fileRef = 509EC76429898843004B1139 /* BandeV.swift */; };
/* End PBXBuildFile section */

/* Begin PBXContainerItemProxy section */
		509EC74429897D6E004B1139 /* PBXContainerItemProxy */ = {
			isa = PBXContainerItemProxy;
			containerPortal = 509EC72F29897D6E004B1139 /* Project object */;
			proxyType = 1;
			remoteGlobalIDString = 509EC73729897D6E004B1139;
			remoteInfo = JeuSudoku_FW;
		};
/* End PBXContainerItemProxy section */

/* Begin PBXFileReference section */
		505DE21B298E4D6400B6BB13 /* UnDomaine.swift */ = {isa = PBXFileReference; lastKnownFileType = sourcecode.swift; path = UnDomaine.swift; sourceTree = "<group>"; };
		505DE21D298E69AC00B6BB13 /* Strategie.swift */ = {isa = PBXFileReference; lastKnownFileType = sourcecode.swift; path = Strategie.swift; sourceTree = "<group>"; };
		507B3D5E298BA5290051FCB4 /* Puzzle.swift */ = {isa = PBXFileReference; lastKnownFileType = sourcecode.swift; path = Puzzle.swift; sourceTree = "<group>"; };
		507B3D61298BA6010051FCB4 /* Recherche par valeurs.swift */ = {isa = PBXFileReference; lastKnownFileType = sourcecode.swift; path = "Recherche par valeurs.swift"; sourceTree = "<group>"; };
		507B3D63298BA75C0051FCB4 /* ExemplesFaciles.swift */ = {isa = PBXFileReference; lastKnownFileType = sourcecode.swift; path = ExemplesFaciles.swift; sourceTree = "<group>"; };
		507B3D65298BA7710051FCB4 /* ExemplesMoyens.swift */ = {isa = PBXFileReference; lastKnownFileType = sourcecode.swift; path = ExemplesMoyens.swift; sourceTree = "<group>"; };
		507B3D67298BAA780051FCB4 /* CodagePuzzle.swift */ = {isa = PBXFileReference; lastKnownFileType = sourcecode.swift; path = CodagePuzzle.swift; sourceTree = "<group>"; };
		507B3D69298C4DBE0051FCB4 /* InstanciableParNom.swift */ = {isa = PBXFileReference; lastKnownFileType = sourcecode.swift; path = InstanciableParNom.swift; sourceTree = "<group>"; };
		50820DFD298AC7940087CF21 /* Grille.swift */ = {isa = PBXFileReference; lastKnownFileType = sourcecode.swift; path = Grille.swift; sourceTree = "<group>"; };
		50820DFF298AE2F70087CF21 /* ExistenceBijection.swift */ = {isa = PBXFileReference; lastKnownFileType = sourcecode.swift; path = ExistenceBijection.swift; sourceTree = "<group>"; };
		509659A6298D06EF004CEE8E /* Recherche par cellules.swift */ = {isa = PBXFileReference; lastKnownFileType = sourcecode.swift; path = "Recherche par cellules.swift"; sourceTree = "<group>"; };
		509659A8298D6644004CEE8E /* RapportDeRecherche.swift */ = {isa = PBXFileReference; lastKnownFileType = sourcecode.swift; path = RapportDeRecherche.swift; sourceTree = "<group>"; };
		509659AA298D6D63004CEE8E /* Exemple.swift */ = {isa = PBXFileReference; lastKnownFileType = sourcecode.swift; path = Exemple.swift; sourceTree = "<group>"; };
		509EC73829897D6E004B1139 /* JeuSudoku_FW.framework */ = {isa = PBXFileReference; explicitFileType = wrapper.framework; includeInIndex = 0; path = JeuSudoku_FW.framework; sourceTree = BUILT_PRODUCTS_DIR; };
		509EC73B29897D6E004B1139 /* JeuSudoku_FW.h */ = {isa = PBXFileReference; lastKnownFileType = sourcecode.c.h; path = JeuSudoku_FW.h; sourceTree = "<group>"; };
		509EC73C29897D6E004B1139 /* JeuSudoku_FW.docc */ = {isa = PBXFileReference; lastKnownFileType = folder.documentationcatalog; path = JeuSudoku_FW.docc; sourceTree = "<group>"; };
		509EC74229897D6E004B1139 /* JeuSudoku_FWTests.xctest */ = {isa = PBXFileReference; explicitFileType = wrapper.cfbundle; includeInIndex = 0; path = JeuSudoku_FWTests.xctest; sourceTree = BUILT_PRODUCTS_DIR; };
		509EC74729897D6E004B1139 /* JeuSudoku_FWTests.swift */ = {isa = PBXFileReference; lastKnownFileType = sourcecode.swift; path = JeuSudoku_FWTests.swift; sourceTree = "<group>"; };
		509EC75629898047004B1139 /* Testable.swift */ = {isa = PBXFileReference; fileEncoding = 4; lastKnownFileType = sourcecode.swift; path = Testable.swift; sourceTree = "<group>"; };
		509EC7582989809A004B1139 /* Cellule.swift */ = {isa = PBXFileReference; fileEncoding = 4; lastKnownFileType = sourcecode.swift; path = Cellule.swift; sourceTree = "<group>"; };
		509EC75A298980C0004B1139 /* Carre.swift */ = {isa = PBXFileReference; fileEncoding = 4; lastKnownFileType = sourcecode.swift; path = Carre.swift; sourceTree = "<group>"; };
		509EC75C298980CE004B1139 /* Ligne.swift */ = {isa = PBXFileReference; fileEncoding = 4; lastKnownFileType = sourcecode.swift; path = Ligne.swift; sourceTree = "<group>"; };
		509EC75E298980D9004B1139 /* Colonne.swift */ = {isa = PBXFileReference; fileEncoding = 4; lastKnownFileType = sourcecode.swift; path = Colonne.swift; sourceTree = "<group>"; };
		509EC76029898665004B1139 /* Extension Swift.swift */ = {isa = PBXFileReference; fileEncoding = 4; lastKnownFileType = sourcecode.swift; path = "Extension Swift.swift"; sourceTree = "<group>"; };
		509EC76229898839004B1139 /* BandeH.swift */ = {isa = PBXFileReference; lastKnownFileType = sourcecode.swift; path = BandeH.swift; sourceTree = "<group>"; };
		509EC76429898843004B1139 /* BandeV.swift */ = {isa = PBXFileReference; lastKnownFileType = sourcecode.swift; path = BandeV.swift; sourceTree = "<group>"; };
/* End PBXFileReference section */

/* Begin PBXFrameworksBuildPhase section */
		509EC73529897D6E004B1139 /* Frameworks */ = {
			isa = PBXFrameworksBuildPhase;
			buildActionMask = 2147483647;
			files = (
			);
			runOnlyForDeploymentPostprocessing = 0;
		};
		509EC73F29897D6E004B1139 /* Frameworks */ = {
			isa = PBXFrameworksBuildPhase;
			buildActionMask = 2147483647;
			files = (
				509EC74329897D6E004B1139 /* JeuSudoku_FW.framework in Frameworks */,
			);
			runOnlyForDeploymentPostprocessing = 0;
		};
/* End PBXFrameworksBuildPhase section */

/* Begin PBXGroup section */
		507B3D5C298BA3480051FCB4 /* Bijections */ = {
			isa = PBXGroup;
			children = (
				50820DFF298AE2F70087CF21 /* ExistenceBijection.swift */,
			);
			path = Bijections;
			sourceTree = "<group>";
		};
		507B3D5D298BA3800051FCB4 /* Puzzles */ = {
			isa = PBXGroup;
			children = (
				507B3D5E298BA5290051FCB4 /* Puzzle.swift */,
				507B3D67298BAA780051FCB4 /* CodagePuzzle.swift */,
				507B3D63298BA75C0051FCB4 /* ExemplesFaciles.swift */,
				507B3D65298BA7710051FCB4 /* ExemplesMoyens.swift */,
			);
			path = Puzzles;
			sourceTree = "<group>";
		};
		507B3D60298BA5E10051FCB4 /* Resolution */ = {
			isa = PBXGroup;
			children = (
				505DE21D298E69AC00B6BB13 /* Strategie.swift */,
				507B3D61298BA6010051FCB4 /* Recherche par valeurs.swift */,
				509659A6298D06EF004CEE8E /* Recherche par cellules.swift */,
				509659A8298D6644004CEE8E /* RapportDeRecherche.swift */,
				509659AA298D6D63004CEE8E /* Exemple.swift */,
			);
			path = Resolution;
			sourceTree = "<group>";
		};
		509EC72E29897D6E004B1139 = {
			isa = PBXGroup;
			children = (
				509EC73A29897D6E004B1139 /* JeuSudoku_FW */,
				509EC74629897D6E004B1139 /* JeuSudoku_FWTests */,
				509EC73929897D6E004B1139 /* Products */,
			);
			sourceTree = "<group>";
		};
		509EC73929897D6E004B1139 /* Products */ = {
			isa = PBXGroup;
			children = (
				509EC73829897D6E004B1139 /* JeuSudoku_FW.framework */,
				509EC74229897D6E004B1139 /* JeuSudoku_FWTests.xctest */,
			);
			name = Products;
			sourceTree = "<group>";
		};
		509EC73A29897D6E004B1139 /* JeuSudoku_FW */ = {
			isa = PBXGroup;
			children = (
				509EC75229897DBC004B1139 /* Sources */,
				509EC73B29897D6E004B1139 /* JeuSudoku_FW.h */,
				509EC73C29897D6E004B1139 /* JeuSudoku_FW.docc */,
			);
			path = JeuSudoku_FW;
			sourceTree = "<group>";
		};
		509EC74629897D6E004B1139 /* JeuSudoku_FWTests */ = {
			isa = PBXGroup;
			children = (
				509EC74729897D6E004B1139 /* JeuSudoku_FWTests.swift */,
			);
			path = JeuSudoku_FWTests;
			sourceTree = "<group>";
		};
		509EC75229897DBC004B1139 /* Sources */ = {
			isa = PBXGroup;
			children = (
				509EC76029898665004B1139 /* Extension Swift.swift */,
				509EC75629898047004B1139 /* Testable.swift */,
				507B3D69298C4DBE0051FCB4 /* InstanciableParNom.swift */,
				509EC75329897DE8004B1139 /* Geometrie */,
				507B3D5C298BA3480051FCB4 /* Bijections */,
				507B3D5D298BA3800051FCB4 /* Puzzles */,
				507B3D60298BA5E10051FCB4 /* Resolution */,
			);
			path = Sources;
			sourceTree = "<group>";
		};
		509EC75329897DE8004B1139 /* Geometrie */ = {
			isa = PBXGroup;
			children = (
				505DE21B298E4D6400B6BB13 /* UnDomaine.swift */,
				50820DFD298AC7940087CF21 /* Grille.swift */,
				509EC7582989809A004B1139 /* Cellule.swift */,
				509EC75A298980C0004B1139 /* Carre.swift */,
				509EC75C298980CE004B1139 /* Ligne.swift */,
				509EC75E298980D9004B1139 /* Colonne.swift */,
				509EC76229898839004B1139 /* BandeH.swift */,
				509EC76429898843004B1139 /* BandeV.swift */,
			);
			path = Geometrie;
			sourceTree = "<group>";
		};
/* End PBXGroup section */

/* Begin PBXHeadersBuildPhase section */
		509EC73329897D6E004B1139 /* Headers */ = {
			isa = PBXHeadersBuildPhase;
			buildActionMask = 2147483647;
			files = (
				509EC74929897D6E004B1139 /* JeuSudoku_FW.h in Headers */,
			);
			runOnlyForDeploymentPostprocessing = 0;
		};
/* End PBXHeadersBuildPhase section */

/* Begin PBXNativeTarget section */
		509EC73729897D6E004B1139 /* JeuSudoku_FW */ = {
			isa = PBXNativeTarget;
			buildConfigurationList = 509EC74C29897D6E004B1139 /* Build configuration list for PBXNativeTarget "JeuSudoku_FW" */;
			buildPhases = (
				509EC73329897D6E004B1139 /* Headers */,
				509EC73429897D6E004B1139 /* Sources */,
				509EC73529897D6E004B1139 /* Frameworks */,
				509EC73629897D6E004B1139 /* Resources */,
			);
			buildRules = (
			);
			dependencies = (
			);
			name = JeuSudoku_FW;
			productName = JeuSudoku_FW;
			productReference = 509EC73829897D6E004B1139 /* JeuSudoku_FW.framework */;
			productType = "com.apple.product-type.framework";
		};
		509EC74129897D6E004B1139 /* JeuSudoku_FWTests */ = {
			isa = PBXNativeTarget;
			buildConfigurationList = 509EC74F29897D6E004B1139 /* Build configuration list for PBXNativeTarget "JeuSudoku_FWTests" */;
			buildPhases = (
				509EC73E29897D6E004B1139 /* Sources */,
				509EC73F29897D6E004B1139 /* Frameworks */,
				509EC74029897D6E004B1139 /* Resources */,
			);
			buildRules = (
			);
			dependencies = (
				509EC74529897D6E004B1139 /* PBXTargetDependency */,
			);
			name = JeuSudoku_FWTests;
			productName = JeuSudoku_FWTests;
			productReference = 509EC74229897D6E004B1139 /* JeuSudoku_FWTests.xctest */;
			productType = "com.apple.product-type.bundle.unit-test";
		};
/* End PBXNativeTarget section */

/* Begin PBXProject section */
		509EC72F29897D6E004B1139 /* Project object */ = {
			isa = PBXProject;
			attributes = {
				BuildIndependentTargetsInParallel = 1;
				LastSwiftUpdateCheck = 1420;
				LastUpgradeCheck = 1420;
				TargetAttributes = {
					509EC73729897D6E004B1139 = {
						CreatedOnToolsVersion = 14.2;
					};
					509EC74129897D6E004B1139 = {
						CreatedOnToolsVersion = 14.2;
					};
				};
			};
			buildConfigurationList = 509EC73229897D6E004B1139 /* Build configuration list for PBXProject "JeuSudoku_FW" */;
			compatibilityVersion = "Xcode 14.0";
			developmentRegion = en;
			hasScannedForEncodings = 0;
			knownRegions = (
				en,
				Base,
			);
			mainGroup = 509EC72E29897D6E004B1139;
			productRefGroup = 509EC73929897D6E004B1139 /* Products */;
			projectDirPath = "";
			projectRoot = "";
			targets = (
				509EC73729897D6E004B1139 /* JeuSudoku_FW */,
				509EC74129897D6E004B1139 /* JeuSudoku_FWTests */,
			);
		};
/* End PBXProject section */

/* Begin PBXResourcesBuildPhase section */
		509EC73629897D6E004B1139 /* Resources */ = {
			isa = PBXResourcesBuildPhase;
			buildActionMask = 2147483647;
			files = (
			);
			runOnlyForDeploymentPostprocessing = 0;
		};
		509EC74029897D6E004B1139 /* Resources */ = {
			isa = PBXResourcesBuildPhase;
			buildActionMask = 2147483647;
			files = (
			);
			runOnlyForDeploymentPostprocessing = 0;
		};
/* End PBXResourcesBuildPhase section */

/* Begin PBXSourcesBuildPhase section */
		509EC73429897D6E004B1139 /* Sources */ = {
			isa = PBXSourcesBuildPhase;
			buildActionMask = 2147483647;
			files = (
				507B3D62298BA6010051FCB4 /* Recherche par valeurs.swift in Sources */,
				509EC76329898839004B1139 /* BandeH.swift in Sources */,
				507B3D64298BA75C0051FCB4 /* ExemplesFaciles.swift in Sources */,
				509EC7592989809A004B1139 /* Cellule.swift in Sources */,
				509659AB298D6D63004CEE8E /* Exemple.swift in Sources */,
				509EC76129898666004B1139 /* Extension Swift.swift in Sources */,
				507B3D5F298BA5290051FCB4 /* Puzzle.swift in Sources */,
				509EC75729898047004B1139 /* Testable.swift in Sources */,
				505DE21E298E69AC00B6BB13 /* Strategie.swift in Sources */,
				50820DFE298AC7940087CF21 /* Grille.swift in Sources */,
				509659A9298D6644004CEE8E /* RapportDeRecherche.swift in Sources */,
				507B3D6A298C4DBE0051FCB4 /* InstanciableParNom.swift in Sources */,
				509EC73D29897D6E004B1139 /* JeuSudoku_FW.docc in Sources */,
				509EC75B298980C0004B1139 /* Carre.swift in Sources */,
				509EC76529898843004B1139 /* BandeV.swift in Sources */,
				50820E00298AE2F70087CF21 /* ExistenceBijection.swift in Sources */,
				505DE21C298E4D6400B6BB13 /* UnDomaine.swift in Sources */,
				507B3D68298BAA780051FCB4 /* CodagePuzzle.swift in Sources */,
				509659A7298D06EF004CEE8E /* Recherche par cellules.swift in Sources */,
				507B3D66298BA7710051FCB4 /* ExemplesMoyens.swift in Sources */,
				509EC75F298980DA004B1139 /* Colonne.swift in Sources */,
				509EC75D298980CE004B1139 /* Ligne.swift in Sources */,
			);
			runOnlyForDeploymentPostprocessing = 0;
		};
		509EC73E29897D6E004B1139 /* Sources */ = {
			isa = PBXSourcesBuildPhase;
			buildActionMask = 2147483647;
			files = (
				509EC74829897D6E004B1139 /* JeuSudoku_FWTests.swift in Sources */,
			);
			runOnlyForDeploymentPostprocessing = 0;
		};
/* End PBXSourcesBuildPhase section */

/* Begin PBXTargetDependency section */
		509EC74529897D6E004B1139 /* PBXTargetDependency */ = {
			isa = PBXTargetDependency;
			target = 509EC73729897D6E004B1139 /* JeuSudoku_FW */;
			targetProxy = 509EC74429897D6E004B1139 /* PBXContainerItemProxy */;
		};
/* End PBXTargetDependency section */

/* Begin XCBuildConfiguration section */
		509EC74A29897D6E004B1139 /* Debug */ = {
			isa = XCBuildConfiguration;
			buildSettings = {
				ALWAYS_SEARCH_USER_PATHS = NO;
				CLANG_ANALYZER_NONNULL = YES;
				CLANG_ANALYZER_NUMBER_OBJECT_CONVERSION = YES_AGGRESSIVE;
				CLANG_CXX_LANGUAGE_STANDARD = "gnu++20";
				CLANG_ENABLE_MODULES = YES;
				CLANG_ENABLE_OBJC_ARC = YES;
				CLANG_ENABLE_OBJC_WEAK = YES;
				CLANG_WARN_BLOCK_CAPTURE_AUTORELEASING = YES;
				CLANG_WARN_BOOL_CONVERSION = YES;
				CLANG_WARN_COMMA = YES;
				CLANG_WARN_CONSTANT_CONVERSION = YES;
				CLANG_WARN_DEPRECATED_OBJC_IMPLEMENTATIONS = YES;
				CLANG_WARN_DIRECT_OBJC_ISA_USAGE = YES_ERROR;
				CLANG_WARN_DOCUMENTATION_COMMENTS = YES;
				CLANG_WARN_EMPTY_BODY = YES;
				CLANG_WARN_ENUM_CONVERSION = YES;
				CLANG_WARN_INFINITE_RECURSION = YES;
				CLANG_WARN_INT_CONVERSION = YES;
				CLANG_WARN_NON_LITERAL_NULL_CONVERSION = YES;
				CLANG_WARN_OBJC_IMPLICIT_RETAIN_SELF = YES;
				CLANG_WARN_OBJC_LITERAL_CONVERSION = YES;
				CLANG_WARN_OBJC_ROOT_CLASS = YES_ERROR;
				CLANG_WARN_QUOTED_INCLUDE_IN_FRAMEWORK_HEADER = YES;
				CLANG_WARN_RANGE_LOOP_ANALYSIS = YES;
				CLANG_WARN_STRICT_PROTOTYPES = YES;
				CLANG_WARN_SUSPICIOUS_MOVE = YES;
				CLANG_WARN_UNGUARDED_AVAILABILITY = YES_AGGRESSIVE;
				CLANG_WARN_UNREACHABLE_CODE = YES;
				CLANG_WARN__DUPLICATE_METHOD_MATCH = YES;
				COPY_PHASE_STRIP = NO;
				CURRENT_PROJECT_VERSION = 1;
				DEBUG_INFORMATION_FORMAT = dwarf;
				ENABLE_STRICT_OBJC_MSGSEND = YES;
				ENABLE_TESTABILITY = YES;
				GCC_C_LANGUAGE_STANDARD = gnu11;
				GCC_DYNAMIC_NO_PIC = NO;
				GCC_NO_COMMON_BLOCKS = YES;
				GCC_OPTIMIZATION_LEVEL = 0;
				GCC_PREPROCESSOR_DEFINITIONS = (
					"DEBUG=1",
					"$(inherited)",
				);
				GCC_WARN_64_TO_32_BIT_CONVERSION = YES;
				GCC_WARN_ABOUT_RETURN_TYPE = YES_ERROR;
				GCC_WARN_UNDECLARED_SELECTOR = YES;
				GCC_WARN_UNINITIALIZED_AUTOS = YES_AGGRESSIVE;
				GCC_WARN_UNUSED_FUNCTION = YES;
				GCC_WARN_UNUSED_VARIABLE = YES;
				MACOSX_DEPLOYMENT_TARGET = 13.1;
				MTL_ENABLE_DEBUG_INFO = INCLUDE_SOURCE;
				MTL_FAST_MATH = YES;
				ONLY_ACTIVE_ARCH = YES;
				SDKROOT = macosx;
				SWIFT_ACTIVE_COMPILATION_CONDITIONS = DEBUG;
				SWIFT_OPTIMIZATION_LEVEL = "-Onone";
				VERSIONING_SYSTEM = "apple-generic";
				VERSION_INFO_PREFIX = "";
			};
			name = Debug;
		};
		509EC74B29897D6E004B1139 /* Release */ = {
			isa = XCBuildConfiguration;
			buildSettings = {
				ALWAYS_SEARCH_USER_PATHS = NO;
				CLANG_ANALYZER_NONNULL = YES;
				CLANG_ANALYZER_NUMBER_OBJECT_CONVERSION = YES_AGGRESSIVE;
				CLANG_CXX_LANGUAGE_STANDARD = "gnu++20";
				CLANG_ENABLE_MODULES = YES;
				CLANG_ENABLE_OBJC_ARC = YES;
				CLANG_ENABLE_OBJC_WEAK = YES;
				CLANG_WARN_BLOCK_CAPTURE_AUTORELEASING = YES;
				CLANG_WARN_BOOL_CONVERSION = YES;
				CLANG_WARN_COMMA = YES;
				CLANG_WARN_CONSTANT_CONVERSION = YES;
				CLANG_WARN_DEPRECATED_OBJC_IMPLEMENTATIONS = YES;
				CLANG_WARN_DIRECT_OBJC_ISA_USAGE = YES_ERROR;
				CLANG_WARN_DOCUMENTATION_COMMENTS = YES;
				CLANG_WARN_EMPTY_BODY = YES;
				CLANG_WARN_ENUM_CONVERSION = YES;
				CLANG_WARN_INFINITE_RECURSION = YES;
				CLANG_WARN_INT_CONVERSION = YES;
				CLANG_WARN_NON_LITERAL_NULL_CONVERSION = YES;
				CLANG_WARN_OBJC_IMPLICIT_RETAIN_SELF = YES;
				CLANG_WARN_OBJC_LITERAL_CONVERSION = YES;
				CLANG_WARN_OBJC_ROOT_CLASS = YES_ERROR;
				CLANG_WARN_QUOTED_INCLUDE_IN_FRAMEWORK_HEADER = YES;
				CLANG_WARN_RANGE_LOOP_ANALYSIS = YES;
				CLANG_WARN_STRICT_PROTOTYPES = YES;
				CLANG_WARN_SUSPICIOUS_MOVE = YES;
				CLANG_WARN_UNGUARDED_AVAILABILITY = YES_AGGRESSIVE;
				CLANG_WARN_UNREACHABLE_CODE = YES;
				CLANG_WARN__DUPLICATE_METHOD_MATCH = YES;
				COPY_PHASE_STRIP = NO;
				CURRENT_PROJECT_VERSION = 1;
				DEBUG_INFORMATION_FORMAT = "dwarf-with-dsym";
				ENABLE_NS_ASSERTIONS = NO;
				ENABLE_STRICT_OBJC_MSGSEND = YES;
				GCC_C_LANGUAGE_STANDARD = gnu11;
				GCC_NO_COMMON_BLOCKS = YES;
				GCC_WARN_64_TO_32_BIT_CONVERSION = YES;
				GCC_WARN_ABOUT_RETURN_TYPE = YES_ERROR;
				GCC_WARN_UNDECLARED_SELECTOR = YES;
				GCC_WARN_UNINITIALIZED_AUTOS = YES_AGGRESSIVE;
				GCC_WARN_UNUSED_FUNCTION = YES;
				GCC_WARN_UNUSED_VARIABLE = YES;
				MACOSX_DEPLOYMENT_TARGET = 13.1;
				MTL_ENABLE_DEBUG_INFO = NO;
				MTL_FAST_MATH = YES;
				SDKROOT = macosx;
				SWIFT_COMPILATION_MODE = wholemodule;
				SWIFT_OPTIMIZATION_LEVEL = "-O";
				VERSIONING_SYSTEM = "apple-generic";
				VERSION_INFO_PREFIX = "";
			};
			name = Release;
		};
		509EC74D29897D6E004B1139 /* Debug */ = {
			isa = XCBuildConfiguration;
			buildSettings = {
				CODE_SIGN_STYLE = Automatic;
				COMBINE_HIDPI_IMAGES = YES;
				CURRENT_PROJECT_VERSION = 1;
				DEFINES_MODULE = YES;
				DYLIB_COMPATIBILITY_VERSION = 1;
				DYLIB_CURRENT_VERSION = 1;
				DYLIB_INSTALL_NAME_BASE = "@rpath";
				GENERATE_INFOPLIST_FILE = YES;
				INFOPLIST_KEY_NSHumanReadableCopyright = "";
				INSTALL_PATH = "$(LOCAL_LIBRARY_DIR)/Frameworks";
				LD_RUNPATH_SEARCH_PATHS = (
					"$(inherited)",
					"@executable_path/../Frameworks",
					"@loader_path/Frameworks",
				);
				MARKETING_VERSION = 1.0;
				PRODUCT_BUNDLE_IDENTIFIER = "gt.JeuSudoku-FW";
				PRODUCT_NAME = "$(TARGET_NAME:c99extidentifier)";
				SKIP_INSTALL = YES;
				SWIFT_EMIT_LOC_STRINGS = YES;
				SWIFT_VERSION = 5.0;
			};
			name = Debug;
		};
		509EC74E29897D6E004B1139 /* Release */ = {
			isa = XCBuildConfiguration;
			buildSettings = {
				CODE_SIGN_STYLE = Automatic;
				COMBINE_HIDPI_IMAGES = YES;
				CURRENT_PROJECT_VERSION = 1;
				DEFINES_MODULE = YES;
				DYLIB_COMPATIBILITY_VERSION = 1;
				DYLIB_CURRENT_VERSION = 1;
				DYLIB_INSTALL_NAME_BASE = "@rpath";
				GENERATE_INFOPLIST_FILE = YES;
				INFOPLIST_KEY_NSHumanReadableCopyright = "";
				INSTALL_PATH = "$(LOCAL_LIBRARY_DIR)/Frameworks";
				LD_RUNPATH_SEARCH_PATHS = (
					"$(inherited)",
					"@executable_path/../Frameworks",
					"@loader_path/Frameworks",
				);
				MARKETING_VERSION = 1.0;
				PRODUCT_BUNDLE_IDENTIFIER = "gt.JeuSudoku-FW";
				PRODUCT_NAME = "$(TARGET_NAME:c99extidentifier)";
				SKIP_INSTALL = YES;
				SWIFT_EMIT_LOC_STRINGS = YES;
				SWIFT_VERSION = 5.0;
			};
			name = Release;
		};
		509EC75029897D6E004B1139 /* Debug */ = {
			isa = XCBuildConfiguration;
			buildSettings = {
				ALWAYS_EMBED_SWIFT_STANDARD_LIBRARIES = YES;
				CODE_SIGN_STYLE = Automatic;
				CURRENT_PROJECT_VERSION = 1;
				GENERATE_INFOPLIST_FILE = YES;
				MARKETING_VERSION = 1.0;
				PRODUCT_BUNDLE_IDENTIFIER = "gt.JeuSudoku-FWTests";
				PRODUCT_NAME = "$(TARGET_NAME)";
				SWIFT_EMIT_LOC_STRINGS = NO;
				SWIFT_VERSION = 5.0;
			};
			name = Debug;
		};
		509EC75129897D6E004B1139 /* Release */ = {
			isa = XCBuildConfiguration;
			buildSettings = {
				ALWAYS_EMBED_SWIFT_STANDARD_LIBRARIES = YES;
				CODE_SIGN_STYLE = Automatic;
				CURRENT_PROJECT_VERSION = 1;
				GENERATE_INFOPLIST_FILE = YES;
				MARKETING_VERSION = 1.0;
				PRODUCT_BUNDLE_IDENTIFIER = "gt.JeuSudoku-FWTests";
				PRODUCT_NAME = "$(TARGET_NAME)";
				SWIFT_EMIT_LOC_STRINGS = NO;
				SWIFT_VERSION = 5.0;
			};
			name = Release;
		};
/* End XCBuildConfiguration section */

/* Begin XCConfigurationList section */
		509EC73229897D6E004B1139 /* Build configuration list for PBXProject "JeuSudoku_FW" */ = {
			isa = XCConfigurationList;
			buildConfigurations = (
				509EC74A29897D6E004B1139 /* Debug */,
				509EC74B29897D6E004B1139 /* Release */,
			);
			defaultConfigurationIsVisible = 0;
			defaultConfigurationName = Release;
		};
		509EC74C29897D6E004B1139 /* Build configuration list for PBXNativeTarget "JeuSudoku_FW" */ = {
			isa = XCConfigurationList;
			buildConfigurations = (
				509EC74D29897D6E004B1139 /* Debug */,
				509EC74E29897D6E004B1139 /* Release */,
			);
			defaultConfigurationIsVisible = 0;
			defaultConfigurationName = Release;
		};
		509EC74F29897D6E004B1139 /* Build configuration list for PBXNativeTarget "JeuSudoku_FWTests" */ = {
			isa = XCConfigurationList;
			buildConfigurations = (
				509EC75029897D6E004B1139 /* Debug */,
				509EC75129897D6E004B1139 /* Release */,
			);
			defaultConfigurationIsVisible = 0;
			defaultConfigurationName = Release;
		};
/* End XCConfigurationList section */
	};
	rootObject = 509EC72F29897D6E004B1139 /* Project object */;
}
