// !$*UTF8*$!
{
	archiveVersion = 1;
	classes = {
	};
	objectVersion = 56;
	objects = {

/* Begin PBXBuildFile section */
		501B5A5A29B126DB0025BE56 /* ExemplesDifficiles.swift in Sources */ = {isa = PBXBuildFile; fileRef = 501B5A5929B126DB0025BE56 /* ExemplesDifficiles.swift */; };
		502A302A29AA54CB00C198EB /* Elimination.swift in Sources */ = {isa = PBXBuildFile; fileRef = 502A302929AA54CB00C198EB /* Elimination.swift */; };
		5032C3892994E7060047E3BA /* UneZone.swift in Sources */ = {isa = PBXBuildFile; fileRef = 5032C3882994E7060047E3BA /* UneZone.swift */; };
		5032C38D2994EFD50047E3BA /* Presence.swift in Sources */ = {isa = PBXBuildFile; fileRef = 5032C38C2994EFD50047E3BA /* Presence.swift */; };
		505215E3299FE5CC00DEDF57 /* Region.swift in Sources */ = {isa = PBXBuildFile; fileRef = 505215E2299FE5CC00DEDF57 /* Region.swift */; };
		5062258929AB633600AE3362 /* Detection par elimination.swift in Sources */ = {isa = PBXBuildFile; fileRef = 5062258829AB633600AE3362 /* Detection par elimination.swift */; };
		5062258B29AB8D4300AE3362 /* Detection.swift in Sources */ = {isa = PBXBuildFile; fileRef = 5062258A29AB8D4300AE3362 /* Detection.swift */; };
		506841A029A917F300395531 /* Detection locale.swift in Sources */ = {isa = PBXBuildFile; fileRef = 5068419F29A917F300395531 /* Detection locale.swift */; };
		507ADB1929ACE79C00D793D5 /* Verification.swift in Sources */ = {isa = PBXBuildFile; fileRef = 507ADB1829ACE79C00D793D5 /* Verification.swift */; };
		507B255B29AE6E20009217A8 /* API.swift in Sources */ = {isa = PBXBuildFile; fileRef = 507B255A29AE6E20009217A8 /* API.swift */; };
		507B3D5F298BA5290051FCB4 /* Puzzle.swift in Sources */ = {isa = PBXBuildFile; fileRef = 507B3D5E298BA5290051FCB4 /* Puzzle.swift */; };
		507B3D64298BA75C0051FCB4 /* ExemplesFaciles.swift in Sources */ = {isa = PBXBuildFile; fileRef = 507B3D63298BA75C0051FCB4 /* ExemplesFaciles.swift */; };
		507B3D66298BA7710051FCB4 /* ExemplesMoyens.swift in Sources */ = {isa = PBXBuildFile; fileRef = 507B3D65298BA7710051FCB4 /* ExemplesMoyens.swift */; };
		507B3D68298BAA780051FCB4 /* CodagePuzzle.swift in Sources */ = {isa = PBXBuildFile; fileRef = 507B3D67298BAA780051FCB4 /* CodagePuzzle.swift */; };
		507B3D6A298C4DBE0051FCB4 /* InstanciableParNom.swift in Sources */ = {isa = PBXBuildFile; fileRef = 507B3D69298C4DBE0051FCB4 /* InstanciableParNom.swift */; };
		50820DFE298AC7940087CF21 /* Grille.swift in Sources */ = {isa = PBXBuildFile; fileRef = 50820DFD298AC7940087CF21 /* Grille.swift */; };
		508B291429A0AA3B006BDBA6 /* UneContrainte.swift in Sources */ = {isa = PBXBuildFile; fileRef = 508B291329A0AA3B006BDBA6 /* UneContrainte.swift */; };
		509C61C229A3A7E8006C0CB0 /* Valeurs.swift in Sources */ = {isa = PBXBuildFile; fileRef = 509C61C129A3A7E8006C0CB0 /* Valeurs.swift */; };
		509EC73D29897D6E004B1139 /* JeuSudoku_FW.docc in Sources */ = {isa = PBXBuildFile; fileRef = 509EC73C29897D6E004B1139 /* JeuSudoku_FW.docc */; };
		509EC74329897D6E004B1139 /* JeuSudoku_FW.framework in Frameworks */ = {isa = PBXBuildFile; fileRef = 509EC73829897D6E004B1139 /* JeuSudoku_FW.framework */; };
		509EC74829897D6E004B1139 /* JeuSudoku_FWTests.swift in Sources */ = {isa = PBXBuildFile; fileRef = 509EC74729897D6E004B1139 /* JeuSudoku_FWTests.swift */; };
		509EC75729898047004B1139 /* Testable.swift in Sources */ = {isa = PBXBuildFile; fileRef = 509EC75629898047004B1139 /* Testable.swift */; };
		509EC7592989809A004B1139 /* Cellule.swift in Sources */ = {isa = PBXBuildFile; fileRef = 509EC7582989809A004B1139 /* Cellule.swift */; };
		509EC75B298980C0004B1139 /* Carre.swift in Sources */ = {isa = PBXBuildFile; fileRef = 509EC75A298980C0004B1139 /* Carre.swift */; };
		509EC75D298980CE004B1139 /* Ligne.swift in Sources */ = {isa = PBXBuildFile; fileRef = 509EC75C298980CE004B1139 /* Ligne.swift */; };
		509EC75F298980DA004B1139 /* Colonne.swift in Sources */ = {isa = PBXBuildFile; fileRef = 509EC75E298980D9004B1139 /* Colonne.swift */; };
		509EC76129898666004B1139 /* Extension Swift.swift in Sources */ = {isa = PBXBuildFile; fileRef = 509EC76029898665004B1139 /* Extension Swift.swift */; };
		509EC76329898839004B1139 /* BandeH.swift in Sources */ = {isa = PBXBuildFile; fileRef = 509EC76229898839004B1139 /* BandeH.swift */; };
		509EC76529898843004B1139 /* BandeV.swift in Sources */ = {isa = PBXBuildFile; fileRef = 509EC76429898843004B1139 /* BandeV.swift */; };
		50A8E92029B4E988005ED674 /* Coup.swift in Sources */ = {isa = PBXBuildFile; fileRef = 50A8E91F29B4E988005ED674 /* Coup.swift */; };
		50EB023629B5C6FB00AA82CD /* Combinatoire.swift in Sources */ = {isa = PBXBuildFile; fileRef = 50EB023529B5C6FB00AA82CD /* Combinatoire.swift */; };
		50FB543C29A505A6005E5E5E /* Jeu.swift in Sources */ = {isa = PBXBuildFile; fileRef = 50FB543B29A505A6005E5E5E /* Jeu.swift */; };
		50FFEF8629B33B9D001717BB /* Recherche globale.swift in Sources */ = {isa = PBXBuildFile; fileRef = 50FFEF8529B33B9D001717BB /* Recherche globale.swift */; };
/* End PBXBuildFile section */

/* Begin PBXContainerItemProxy section */
		509EC74429897D6E004B1139 /* PBXContainerItemProxy */ = {
			isa = PBXContainerItemProxy;
			containerPortal = 509EC72F29897D6E004B1139 /* Project object */;
			proxyType = 1;
			remoteGlobalIDString = 509EC73729897D6E004B1139;
			remoteInfo = JeuSudoku_FW;
		};
/* End PBXContainerItemProxy section */

/* Begin PBXFileReference section */
		501B5A5929B126DB0025BE56 /* ExemplesDifficiles.swift */ = {isa = PBXFileReference; lastKnownFileType = sourcecode.swift; path = ExemplesDifficiles.swift; sourceTree = "<group>"; };
		502A302929AA54CB00C198EB /* Elimination.swift */ = {isa = PBXFileReference; lastKnownFileType = sourcecode.swift; path = Elimination.swift; sourceTree = "<group>"; };
		5032C3882994E7060047E3BA /* UneZone.swift */ = {isa = PBXFileReference; fileEncoding = 4; lastKnownFileType = sourcecode.swift; path = UneZone.swift; sourceTree = "<group>"; };
		5032C38C2994EFD50047E3BA /* Presence.swift */ = {isa = PBXFileReference; lastKnownFileType = sourcecode.swift; path = Presence.swift; sourceTree = "<group>"; };
		505215E2299FE5CC00DEDF57 /* Region.swift */ = {isa = PBXFileReference; fileEncoding = 4; lastKnownFileType = sourcecode.swift; path = Region.swift; sourceTree = "<group>"; };
		5062258829AB633600AE3362 /* Detection par elimination.swift */ = {isa = PBXFileReference; lastKnownFileType = sourcecode.swift; path = "Detection par elimination.swift"; sourceTree = "<group>"; };
		5062258A29AB8D4300AE3362 /* Detection.swift */ = {isa = PBXFileReference; lastKnownFileType = sourcecode.swift; path = Detection.swift; sourceTree = "<group>"; };
		5068419E29A8ED8B00395531 /* Jeu doc.md */ = {isa = PBXFileReference; lastKnownFileType = net.daringfireball.markdown; path = "Jeu doc.md"; sourceTree = "<group>"; };
		5068419F29A917F300395531 /* Detection locale.swift */ = {isa = PBXFileReference; lastKnownFileType = sourcecode.swift; path = "Detection locale.swift"; sourceTree = "<group>"; };
		507ADB1829ACE79C00D793D5 /* Verification.swift */ = {isa = PBXFileReference; lastKnownFileType = sourcecode.swift; path = Verification.swift; sourceTree = "<group>"; };
		507B255A29AE6E20009217A8 /* API.swift */ = {isa = PBXFileReference; lastKnownFileType = sourcecode.swift; path = API.swift; sourceTree = "<group>"; };
		507B255C29AE6E9E009217A8 /* API doc.md */ = {isa = PBXFileReference; lastKnownFileType = net.daringfireball.markdown; path = "API doc.md"; sourceTree = "<group>"; };
		507B3D5E298BA5290051FCB4 /* Puzzle.swift */ = {isa = PBXFileReference; lastKnownFileType = sourcecode.swift; path = Puzzle.swift; sourceTree = "<group>"; };
		507B3D63298BA75C0051FCB4 /* ExemplesFaciles.swift */ = {isa = PBXFileReference; lastKnownFileType = sourcecode.swift; path = ExemplesFaciles.swift; sourceTree = "<group>"; };
		507B3D65298BA7710051FCB4 /* ExemplesMoyens.swift */ = {isa = PBXFileReference; lastKnownFileType = sourcecode.swift; path = ExemplesMoyens.swift; sourceTree = "<group>"; };
		507B3D67298BAA780051FCB4 /* CodagePuzzle.swift */ = {isa = PBXFileReference; lastKnownFileType = sourcecode.swift; path = CodagePuzzle.swift; sourceTree = "<group>"; };
		507B3D69298C4DBE0051FCB4 /* InstanciableParNom.swift */ = {isa = PBXFileReference; lastKnownFileType = sourcecode.swift; path = InstanciableParNom.swift; sourceTree = "<group>"; };
		50820DFD298AC7940087CF21 /* Grille.swift */ = {isa = PBXFileReference; lastKnownFileType = sourcecode.swift; path = Grille.swift; sourceTree = "<group>"; };
		508B291329A0AA3B006BDBA6 /* UneContrainte.swift */ = {isa = PBXFileReference; lastKnownFileType = sourcecode.swift; path = UneContrainte.swift; sourceTree = "<group>"; };
		509C61C129A3A7E8006C0CB0 /* Valeurs.swift */ = {isa = PBXFileReference; fileEncoding = 4; lastKnownFileType = sourcecode.swift; path = Valeurs.swift; sourceTree = "<group>"; };
		509EC73829897D6E004B1139 /* JeuSudoku_FW.framework */ = {isa = PBXFileReference; explicitFileType = wrapper.framework; includeInIndex = 0; path = JeuSudoku_FW.framework; sourceTree = BUILT_PRODUCTS_DIR; };
		509EC73C29897D6E004B1139 /* JeuSudoku_FW.docc */ = {isa = PBXFileReference; lastKnownFileType = folder.documentationcatalog; path = JeuSudoku_FW.docc; sourceTree = "<group>"; };
		509EC74229897D6E004B1139 /* JeuSudoku_FWTests.xctest */ = {isa = PBXFileReference; explicitFileType = wrapper.cfbundle; includeInIndex = 0; path = JeuSudoku_FWTests.xctest; sourceTree = BUILT_PRODUCTS_DIR; };
		509EC74729897D6E004B1139 /* JeuSudoku_FWTests.swift */ = {isa = PBXFileReference; lastKnownFileType = sourcecode.swift; path = JeuSudoku_FWTests.swift; sourceTree = "<group>"; };
		509EC75629898047004B1139 /* Testable.swift */ = {isa = PBXFileReference; fileEncoding = 4; lastKnownFileType = sourcecode.swift; path = Testable.swift; sourceTree = "<group>"; };
		509EC7582989809A004B1139 /* Cellule.swift */ = {isa = PBXFileReference; fileEncoding = 4; lastKnownFileType = sourcecode.swift; path = Cellule.swift; sourceTree = "<group>"; };
		509EC75A298980C0004B1139 /* Carre.swift */ = {isa = PBXFileReference; fileEncoding = 4; lastKnownFileType = sourcecode.swift; path = Carre.swift; sourceTree = "<group>"; };
		509EC75C298980CE004B1139 /* Ligne.swift */ = {isa = PBXFileReference; fileEncoding = 4; lastKnownFileType = sourcecode.swift; path = Ligne.swift; sourceTree = "<group>"; };
		509EC75E298980D9004B1139 /* Colonne.swift */ = {isa = PBXFileReference; fileEncoding = 4; lastKnownFileType = sourcecode.swift; path = Colonne.swift; sourceTree = "<group>"; };
		509EC76029898665004B1139 /* Extension Swift.swift */ = {isa = PBXFileReference; fileEncoding = 4; lastKnownFileType = sourcecode.swift; path = "Extension Swift.swift"; sourceTree = "<group>"; };
		509EC76229898839004B1139 /* BandeH.swift */ = {isa = PBXFileReference; lastKnownFileType = sourcecode.swift; path = BandeH.swift; sourceTree = "<group>"; };
		509EC76429898843004B1139 /* BandeV.swift */ = {isa = PBXFileReference; lastKnownFileType = sourcecode.swift; path = BandeV.swift; sourceTree = "<group>"; };
		50A8E91F29B4E988005ED674 /* Coup.swift */ = {isa = PBXFileReference; lastKnownFileType = sourcecode.swift; path = Coup.swift; sourceTree = "<group>"; };
		50CAD39B29A61F0E004917C2 /* Geometrie doc.md */ = {isa = PBXFileReference; lastKnownFileType = net.daringfireball.markdown; path = "Geometrie doc.md"; sourceTree = "<group>"; };
		50D191D529A64E47000CFA64 /* Contraintes doc.md */ = {isa = PBXFileReference; lastKnownFileType = net.daringfireball.markdown; path = "Contraintes doc.md"; sourceTree = "<group>"; };
		50D191DE29A678F9000CFA64 /* Puzzle doc.md */ = {isa = PBXFileReference; lastKnownFileType = net.daringfireball.markdown; path = "Puzzle doc.md"; sourceTree = "<group>"; };
		50EB023529B5C6FB00AA82CD /* Combinatoire.swift */ = {isa = PBXFileReference; lastKnownFileType = sourcecode.swift; path = Combinatoire.swift; sourceTree = "<group>"; };
		50FB543B29A505A6005E5E5E /* Jeu.swift */ = {isa = PBXFileReference; lastKnownFileType = sourcecode.swift; path = Jeu.swift; sourceTree = "<group>"; };
		50FFEF8529B33B9D001717BB /* Recherche globale.swift */ = {isa = PBXFileReference; lastKnownFileType = sourcecode.swift; path = "Recherche globale.swift"; sourceTree = "<group>"; };
/* End PBXFileReference section */

/* Begin PBXFrameworksBuildPhase section */
		509EC73529897D6E004B1139 /* Frameworks */ = {
			isa = PBXFrameworksBuildPhase;
			buildActionMask = 2147483647;
			files = (
			);
			runOnlyForDeploymentPostprocessing = 0;
		};
		509EC73F29897D6E004B1139 /* Frameworks */ = {
			isa = PBXFrameworksBuildPhase;
			buildActionMask = 2147483647;
			files = (
				509EC74329897D6E004B1139 /* JeuSudoku_FW.framework in Frameworks */,
			);
			runOnlyForDeploymentPostprocessing = 0;
		};
/* End PBXFrameworksBuildPhase section */

/* Begin PBXGroup section */
		5068419D29A8B6AF00395531 /* Jeu */ = {
			isa = PBXGroup;
			children = (
				5068419E29A8ED8B00395531 /* Jeu doc.md */,
				50FFEF8529B33B9D001717BB /* Recherche globale.swift */,
				50EB023529B5C6FB00AA82CD /* Combinatoire.swift */,
				50A8E91F29B4E988005ED674 /* Coup.swift */,
				502A302929AA54CB00C198EB /* Elimination.swift */,
				5068419F29A917F300395531 /* Detection locale.swift */,
				5062258A29AB8D4300AE3362 /* Detection.swift */,
				5062258829AB633600AE3362 /* Detection par elimination.swift */,
				507ADB1829ACE79C00D793D5 /* Verification.swift */,
				50FB543B29A505A6005E5E5E /* Jeu.swift */,
			);
			path = Jeu;
			sourceTree = "<group>";
		};
		507B255929AE6DFB009217A8 /* Public */ = {
			isa = PBXGroup;
			children = (
				507B255C29AE6E9E009217A8 /* API doc.md */,
				507B255A29AE6E20009217A8 /* API.swift */,
			);
			path = Public;
			sourceTree = "<group>";
		};
		507B3D5C298BA3480051FCB4 /* Contraintes */ = {
			isa = PBXGroup;
			children = (
				50D191D529A64E47000CFA64 /* Contraintes doc.md */,
				509C61C129A3A7E8006C0CB0 /* Valeurs.swift */,
				508B291329A0AA3B006BDBA6 /* UneContrainte.swift */,
				5032C38C2994EFD50047E3BA /* Presence.swift */,
			);
			path = Contraintes;
			sourceTree = "<group>";
		};
		507B3D5D298BA3800051FCB4 /* Puzzles */ = {
			isa = PBXGroup;
			children = (
				50D191DE29A678F9000CFA64 /* Puzzle doc.md */,
				507B3D5E298BA5290051FCB4 /* Puzzle.swift */,
				507B3D67298BAA780051FCB4 /* CodagePuzzle.swift */,
				507B3D63298BA75C0051FCB4 /* ExemplesFaciles.swift */,
				507B3D65298BA7710051FCB4 /* ExemplesMoyens.swift */,
				501B5A5929B126DB0025BE56 /* ExemplesDifficiles.swift */,
			);
			path = Puzzles;
			sourceTree = "<group>";
		};
		509EC72E29897D6E004B1139 = {
			isa = PBXGroup;
			children = (
				509EC73A29897D6E004B1139 /* JeuSudoku_FW */,
				509EC74629897D6E004B1139 /* JeuSudoku_FWTests */,
				509EC73929897D6E004B1139 /* Products */,
			);
			sourceTree = "<group>";
		};
		509EC73929897D6E004B1139 /* Products */ = {
			isa = PBXGroup;
			children = (
				509EC73829897D6E004B1139 /* JeuSudoku_FW.framework */,
				509EC74229897D6E004B1139 /* JeuSudoku_FWTests.xctest */,
			);
			name = Products;
			sourceTree = "<group>";
		};
		509EC73A29897D6E004B1139 /* JeuSudoku_FW */ = {
			isa = PBXGroup;
			children = (
				507B255929AE6DFB009217A8 /* Public */,
				509EC75229897DBC004B1139 /* Sources */,
				509EC73C29897D6E004B1139 /* JeuSudoku_FW.docc */,
			);
			path = JeuSudoku_FW;
			sourceTree = "<group>";
		};
		509EC74629897D6E004B1139 /* JeuSudoku_FWTests */ = {
			isa = PBXGroup;
			children = (
				509EC74729897D6E004B1139 /* JeuSudoku_FWTests.swift */,
			);
			path = JeuSudoku_FWTests;
			sourceTree = "<group>";
		};
		509EC75229897DBC004B1139 /* Sources */ = {
			isa = PBXGroup;
			children = (
				50D191DA29A6547C000CFA64 /* Outils Swift */,
				509EC75329897DE8004B1139 /* Geometrie */,
				507B3D5C298BA3480051FCB4 /* Contraintes */,
				507B3D5D298BA3800051FCB4 /* Puzzles */,
				5068419D29A8B6AF00395531 /* Jeu */,
			);
			path = Sources;
			sourceTree = "<group>";
		};
		509EC75329897DE8004B1139 /* Geometrie */ = {
			isa = PBXGroup;
			children = (
				50CAD39B29A61F0E004917C2 /* Geometrie doc.md */,
				509EC7582989809A004B1139 /* Cellule.swift */,
				505215E2299FE5CC00DEDF57 /* Region.swift */,
				5032C3882994E7060047E3BA /* UneZone.swift */,
				509EC75A298980C0004B1139 /* Carre.swift */,
				509EC75C298980CE004B1139 /* Ligne.swift */,
				509EC75E298980D9004B1139 /* Colonne.swift */,
				509EC76229898839004B1139 /* BandeH.swift */,
				509EC76429898843004B1139 /* BandeV.swift */,
				50820DFD298AC7940087CF21 /* Grille.swift */,
			);
			path = Geometrie;
			sourceTree = "<group>";
		};
		50D191DA29A6547C000CFA64 /* Outils Swift */ = {
			isa = PBXGroup;
			children = (
				509EC76029898665004B1139 /* Extension Swift.swift */,
				509EC75629898047004B1139 /* Testable.swift */,
				507B3D69298C4DBE0051FCB4 /* InstanciableParNom.swift */,
			);
			path = "Outils Swift";
			sourceTree = "<group>";
		};
/* End PBXGroup section */

/* Begin PBXHeadersBuildPhase section */
		509EC73329897D6E004B1139 /* Headers */ = {
			isa = PBXHeadersBuildPhase;
			buildActionMask = 2147483647;
			files = (
			);
			runOnlyForDeploymentPostprocessing = 0;
		};
/* End PBXHeadersBuildPhase section */

/* Begin PBXNativeTarget section */
		509EC73729897D6E004B1139 /* JeuSudoku_FW */ = {
			isa = PBXNativeTarget;
			buildConfigurationList = 509EC74C29897D6E004B1139 /* Build configuration list for PBXNativeTarget "JeuSudoku_FW" */;
			buildPhases = (
				509EC73329897D6E004B1139 /* Headers */,
				509EC73429897D6E004B1139 /* Sources */,
				509EC73529897D6E004B1139 /* Frameworks */,
				509EC73629897D6E004B1139 /* Resources */,
			);
			buildRules = (
			);
			dependencies = (
			);
			name = JeuSudoku_FW;
			productName = JeuSudoku_FW;
			productReference = 509EC73829897D6E004B1139 /* JeuSudoku_FW.framework */;
			productType = "com.apple.product-type.framework";
		};
		509EC74129897D6E004B1139 /* JeuSudoku_FWTests */ = {
			isa = PBXNativeTarget;
			buildConfigurationList = 509EC74F29897D6E004B1139 /* Build configuration list for PBXNativeTarget "JeuSudoku_FWTests" */;
			buildPhases = (
				509EC73E29897D6E004B1139 /* Sources */,
				509EC73F29897D6E004B1139 /* Frameworks */,
				509EC74029897D6E004B1139 /* Resources */,
			);
			buildRules = (
			);
			dependencies = (
				509EC74529897D6E004B1139 /* PBXTargetDependency */,
			);
			name = JeuSudoku_FWTests;
			productName = JeuSudoku_FWTests;
			productReference = 509EC74229897D6E004B1139 /* JeuSudoku_FWTests.xctest */;
			productType = "com.apple.product-type.bundle.unit-test";
		};
/* End PBXNativeTarget section */

/* Begin PBXProject section */
		509EC72F29897D6E004B1139 /* Project object */ = {
			isa = PBXProject;
			attributes = {
				BuildIndependentTargetsInParallel = 1;
				LastSwiftUpdateCheck = 1420;
				LastUpgradeCheck = 1420;
				TargetAttributes = {
					509EC73729897D6E004B1139 = {
						CreatedOnToolsVersion = 14.2;
					};
					509EC74129897D6E004B1139 = {
						CreatedOnToolsVersion = 14.2;
					};
				};
			};
			buildConfigurationList = 509EC73229897D6E004B1139 /* Build configuration list for PBXProject "JeuSudoku_FW" */;
			compatibilityVersion = "Xcode 14.0";
			developmentRegion = en;
			hasScannedForEncodings = 0;
			knownRegions = (
				en,
				Base,
			);
			mainGroup = 509EC72E29897D6E004B1139;
			productRefGroup = 509EC73929897D6E004B1139 /* Products */;
			projectDirPath = "";
			projectRoot = "";
			targets = (
				509EC73729897D6E004B1139 /* JeuSudoku_FW */,
				509EC74129897D6E004B1139 /* JeuSudoku_FWTests */,
			);
		};
/* End PBXProject section */

/* Begin PBXResourcesBuildPhase section */
		509EC73629897D6E004B1139 /* Resources */ = {
			isa = PBXResourcesBuildPhase;
			buildActionMask = 2147483647;
			files = (
			);
			runOnlyForDeploymentPostprocessing = 0;
		};
		509EC74029897D6E004B1139 /* Resources */ = {
			isa = PBXResourcesBuildPhase;
			buildActionMask = 2147483647;
			files = (
			);
			runOnlyForDeploymentPostprocessing = 0;
		};
/* End PBXResourcesBuildPhase section */

/* Begin PBXSourcesBuildPhase section */
		509EC73429897D6E004B1139 /* Sources */ = {
			isa = PBXSourcesBuildPhase;
			buildActionMask = 2147483647;
			files = (
				50FB543C29A505A6005E5E5E /* Jeu.swift in Sources */,
				506841A029A917F300395531 /* Detection locale.swift in Sources */,
				505215E3299FE5CC00DEDF57 /* Region.swift in Sources */,
				509EC76329898839004B1139 /* BandeH.swift in Sources */,
				507ADB1929ACE79C00D793D5 /* Verification.swift in Sources */,
				507B3D64298BA75C0051FCB4 /* ExemplesFaciles.swift in Sources */,
				5032C38D2994EFD50047E3BA /* Presence.swift in Sources */,
				509EC7592989809A004B1139 /* Cellule.swift in Sources */,
				509EC76129898666004B1139 /* Extension Swift.swift in Sources */,
				507B3D5F298BA5290051FCB4 /* Puzzle.swift in Sources */,
				5032C3892994E7060047E3BA /* UneZone.swift in Sources */,
				509EC75729898047004B1139 /* Testable.swift in Sources */,
				502A302A29AA54CB00C198EB /* Elimination.swift in Sources */,
				50FFEF8629B33B9D001717BB /* Recherche globale.swift in Sources */,
				50820DFE298AC7940087CF21 /* Grille.swift in Sources */,
				507B255B29AE6E20009217A8 /* API.swift in Sources */,
				507B3D6A298C4DBE0051FCB4 /* InstanciableParNom.swift in Sources */,
				50EB023629B5C6FB00AA82CD /* Combinatoire.swift in Sources */,
				509EC73D29897D6E004B1139 /* JeuSudoku_FW.docc in Sources */,
				5062258B29AB8D4300AE3362 /* Detection.swift in Sources */,
				509EC75B298980C0004B1139 /* Carre.swift in Sources */,
				509EC76529898843004B1139 /* BandeV.swift in Sources */,
				509C61C229A3A7E8006C0CB0 /* Valeurs.swift in Sources */,
				507B3D68298BAA780051FCB4 /* CodagePuzzle.swift in Sources */,
				5062258929AB633600AE3362 /* Detection par elimination.swift in Sources */,
				507B3D66298BA7710051FCB4 /* ExemplesMoyens.swift in Sources */,
				501B5A5A29B126DB0025BE56 /* ExemplesDifficiles.swift in Sources */,
				50A8E92029B4E988005ED674 /* Coup.swift in Sources */,
				508B291429A0AA3B006BDBA6 /* UneContrainte.swift in Sources */,
				509EC75F298980DA004B1139 /* Colonne.swift in Sources */,
				509EC75D298980CE004B1139 /* Ligne.swift in Sources */,
			);
			runOnlyForDeploymentPostprocessing = 0;
		};
		509EC73E29897D6E004B1139 /* Sources */ = {
			isa = PBXSourcesBuildPhase;
			buildActionMask = 2147483647;
			files = (
				509EC74829897D6E004B1139 /* JeuSudoku_FWTests.swift in Sources */,
			);
			runOnlyForDeploymentPostprocessing = 0;
		};
/* End PBXSourcesBuildPhase section */

/* Begin PBXTargetDependency section */
		509EC74529897D6E004B1139 /* PBXTargetDependency */ = {
			isa = PBXTargetDependency;
			target = 509EC73729897D6E004B1139 /* JeuSudoku_FW */;
			targetProxy = 509EC74429897D6E004B1139 /* PBXContainerItemProxy */;
		};
/* End PBXTargetDependency section */

/* Begin XCBuildConfiguration section */
		509EC74A29897D6E004B1139 /* Debug */ = {
			isa = XCBuildConfiguration;
			buildSettings = {
				ALWAYS_SEARCH_USER_PATHS = NO;
				CLANG_ANALYZER_NONNULL = YES;
				CLANG_ANALYZER_NUMBER_OBJECT_CONVERSION = YES_AGGRESSIVE;
				CLANG_CXX_LANGUAGE_STANDARD = "gnu++20";
				CLANG_ENABLE_MODULES = YES;
				CLANG_ENABLE_OBJC_ARC = YES;
				CLANG_ENABLE_OBJC_WEAK = YES;
				CLANG_WARN_BLOCK_CAPTURE_AUTORELEASING = YES;
				CLANG_WARN_BOOL_CONVERSION = YES;
				CLANG_WARN_COMMA = YES;
				CLANG_WARN_CONSTANT_CONVERSION = YES;
				CLANG_WARN_DEPRECATED_OBJC_IMPLEMENTATIONS = YES;
				CLANG_WARN_DIRECT_OBJC_ISA_USAGE = YES_ERROR;
				CLANG_WARN_DOCUMENTATION_COMMENTS = YES;
				CLANG_WARN_EMPTY_BODY = YES;
				CLANG_WARN_ENUM_CONVERSION = YES;
				CLANG_WARN_INFINITE_RECURSION = YES;
				CLANG_WARN_INT_CONVERSION = YES;
				CLANG_WARN_NON_LITERAL_NULL_CONVERSION = YES;
				CLANG_WARN_OBJC_IMPLICIT_RETAIN_SELF = YES;
				CLANG_WARN_OBJC_LITERAL_CONVERSION = YES;
				CLANG_WARN_OBJC_ROOT_CLASS = YES_ERROR;
				CLANG_WARN_QUOTED_INCLUDE_IN_FRAMEWORK_HEADER = YES;
				CLANG_WARN_RANGE_LOOP_ANALYSIS = YES;
				CLANG_WARN_STRICT_PROTOTYPES = YES;
				CLANG_WARN_SUSPICIOUS_MOVE = YES;
				CLANG_WARN_UNGUARDED_AVAILABILITY = YES_AGGRESSIVE;
				CLANG_WARN_UNREACHABLE_CODE = YES;
				CLANG_WARN__DUPLICATE_METHOD_MATCH = YES;
				COPY_PHASE_STRIP = NO;
				CURRENT_PROJECT_VERSION = 1;
				DEBUG_INFORMATION_FORMAT = dwarf;
				ENABLE_STRICT_OBJC_MSGSEND = YES;
				ENABLE_TESTABILITY = YES;
				GCC_C_LANGUAGE_STANDARD = gnu11;
				GCC_DYNAMIC_NO_PIC = NO;
				GCC_NO_COMMON_BLOCKS = YES;
				GCC_OPTIMIZATION_LEVEL = 0;
				GCC_PREPROCESSOR_DEFINITIONS = (
					"DEBUG=1",
					"$(inherited)",
				);
				GCC_WARN_64_TO_32_BIT_CONVERSION = YES;
				GCC_WARN_ABOUT_RETURN_TYPE = YES_ERROR;
				GCC_WARN_UNDECLARED_SELECTOR = YES;
				GCC_WARN_UNINITIALIZED_AUTOS = YES_AGGRESSIVE;
				GCC_WARN_UNUSED_FUNCTION = YES;
				GCC_WARN_UNUSED_VARIABLE = YES;
				MACOSX_DEPLOYMENT_TARGET = 13.1;
				MTL_ENABLE_DEBUG_INFO = INCLUDE_SOURCE;
				MTL_FAST_MATH = YES;
				ONLY_ACTIVE_ARCH = YES;
				SDKROOT = macosx;
				SWIFT_ACTIVE_COMPILATION_CONDITIONS = DEBUG;
				SWIFT_OPTIMIZATION_LEVEL = "-Onone";
				VERSIONING_SYSTEM = "apple-generic";
				VERSION_INFO_PREFIX = "";
			};
			name = Debug;
		};
		509EC74B29897D6E004B1139 /* Release */ = {
			isa = XCBuildConfiguration;
			buildSettings = {
				ALWAYS_SEARCH_USER_PATHS = NO;
				CLANG_ANALYZER_NONNULL = YES;
				CLANG_ANALYZER_NUMBER_OBJECT_CONVERSION = YES_AGGRESSIVE;
				CLANG_CXX_LANGUAGE_STANDARD = "gnu++20";
				CLANG_ENABLE_MODULES = YES;
				CLANG_ENABLE_OBJC_ARC = YES;
				CLANG_ENABLE_OBJC_WEAK = YES;
				CLANG_WARN_BLOCK_CAPTURE_AUTORELEASING = YES;
				CLANG_WARN_BOOL_CONVERSION = YES;
				CLANG_WARN_COMMA = YES;
				CLANG_WARN_CONSTANT_CONVERSION = YES;
				CLANG_WARN_DEPRECATED_OBJC_IMPLEMENTATIONS = YES;
				CLANG_WARN_DIRECT_OBJC_ISA_USAGE = YES_ERROR;
				CLANG_WARN_DOCUMENTATION_COMMENTS = YES;
				CLANG_WARN_EMPTY_BODY = YES;
				CLANG_WARN_ENUM_CONVERSION = YES;
				CLANG_WARN_INFINITE_RECURSION = YES;
				CLANG_WARN_INT_CONVERSION = YES;
				CLANG_WARN_NON_LITERAL_NULL_CONVERSION = YES;
				CLANG_WARN_OBJC_IMPLICIT_RETAIN_SELF = YES;
				CLANG_WARN_OBJC_LITERAL_CONVERSION = YES;
				CLANG_WARN_OBJC_ROOT_CLASS = YES_ERROR;
				CLANG_WARN_QUOTED_INCLUDE_IN_FRAMEWORK_HEADER = YES;
				CLANG_WARN_RANGE_LOOP_ANALYSIS = YES;
				CLANG_WARN_STRICT_PROTOTYPES = YES;
				CLANG_WARN_SUSPICIOUS_MOVE = YES;
				CLANG_WARN_UNGUARDED_AVAILABILITY = YES_AGGRESSIVE;
				CLANG_WARN_UNREACHABLE_CODE = YES;
				CLANG_WARN__DUPLICATE_METHOD_MATCH = YES;
				COPY_PHASE_STRIP = NO;
				CURRENT_PROJECT_VERSION = 1;
				DEBUG_INFORMATION_FORMAT = "dwarf-with-dsym";
				ENABLE_NS_ASSERTIONS = NO;
				ENABLE_STRICT_OBJC_MSGSEND = YES;
				GCC_C_LANGUAGE_STANDARD = gnu11;
				GCC_NO_COMMON_BLOCKS = YES;
				GCC_WARN_64_TO_32_BIT_CONVERSION = YES;
				GCC_WARN_ABOUT_RETURN_TYPE = YES_ERROR;
				GCC_WARN_UNDECLARED_SELECTOR = YES;
				GCC_WARN_UNINITIALIZED_AUTOS = YES_AGGRESSIVE;
				GCC_WARN_UNUSED_FUNCTION = YES;
				GCC_WARN_UNUSED_VARIABLE = YES;
				MACOSX_DEPLOYMENT_TARGET = 13.1;
				MTL_ENABLE_DEBUG_INFO = NO;
				MTL_FAST_MATH = YES;
				SDKROOT = macosx;
				SWIFT_COMPILATION_MODE = wholemodule;
				SWIFT_OPTIMIZATION_LEVEL = "-O";
				VERSIONING_SYSTEM = "apple-generic";
				VERSION_INFO_PREFIX = "";
			};
			name = Release;
		};
		509EC74D29897D6E004B1139 /* Debug */ = {
			isa = XCBuildConfiguration;
			buildSettings = {
				CODE_SIGN_STYLE = Automatic;
				COMBINE_HIDPI_IMAGES = YES;
				CURRENT_PROJECT_VERSION = 1;
				DEFINES_MODULE = YES;
				DYLIB_COMPATIBILITY_VERSION = 1;
				DYLIB_CURRENT_VERSION = 1;
				DYLIB_INSTALL_NAME_BASE = "@rpath";
				GENERATE_INFOPLIST_FILE = YES;
				INFOPLIST_KEY_NSHumanReadableCopyright = "";
				INSTALL_PATH = "$(LOCAL_LIBRARY_DIR)/Frameworks";
				LD_RUNPATH_SEARCH_PATHS = (
					"$(inherited)",
					"@executable_path/../Frameworks",
					"@loader_path/Frameworks",
				);
				MARKETING_VERSION = 1.0;
				PRODUCT_BUNDLE_IDENTIFIER = "gt.JeuSudoku-FW";
				PRODUCT_NAME = "$(TARGET_NAME:c99extidentifier)";
				SKIP_INSTALL = YES;
				SWIFT_EMIT_LOC_STRINGS = YES;
				SWIFT_VERSION = 5.0;
			};
			name = Debug;
		};
		509EC74E29897D6E004B1139 /* Release */ = {
			isa = XCBuildConfiguration;
			buildSettings = {
				CODE_SIGN_STYLE = Automatic;
				COMBINE_HIDPI_IMAGES = YES;
				CURRENT_PROJECT_VERSION = 1;
				DEFINES_MODULE = YES;
				DYLIB_COMPATIBILITY_VERSION = 1;
				DYLIB_CURRENT_VERSION = 1;
				DYLIB_INSTALL_NAME_BASE = "@rpath";
				GENERATE_INFOPLIST_FILE = YES;
				INFOPLIST_KEY_NSHumanReadableCopyright = "";
				INSTALL_PATH = "$(LOCAL_LIBRARY_DIR)/Frameworks";
				LD_RUNPATH_SEARCH_PATHS = (
					"$(inherited)",
					"@executable_path/../Frameworks",
					"@loader_path/Frameworks",
				);
				MARKETING_VERSION = 1.0;
				PRODUCT_BUNDLE_IDENTIFIER = "gt.JeuSudoku-FW";
				PRODUCT_NAME = "$(TARGET_NAME:c99extidentifier)";
				SKIP_INSTALL = YES;
				SWIFT_EMIT_LOC_STRINGS = YES;
				SWIFT_VERSION = 5.0;
			};
			name = Release;
		};
		509EC75029897D6E004B1139 /* Debug */ = {
			isa = XCBuildConfiguration;
			buildSettings = {
				ALWAYS_EMBED_SWIFT_STANDARD_LIBRARIES = YES;
				CODE_SIGN_STYLE = Automatic;
				CURRENT_PROJECT_VERSION = 1;
				GENERATE_INFOPLIST_FILE = YES;
				MARKETING_VERSION = 1.0;
				PRODUCT_BUNDLE_IDENTIFIER = "gt.JeuSudoku-FWTests";
				PRODUCT_NAME = "$(TARGET_NAME)";
				SWIFT_EMIT_LOC_STRINGS = NO;
				SWIFT_VERSION = 5.0;
			};
			name = Debug;
		};
		509EC75129897D6E004B1139 /* Release */ = {
			isa = XCBuildConfiguration;
			buildSettings = {
				ALWAYS_EMBED_SWIFT_STANDARD_LIBRARIES = YES;
				CODE_SIGN_STYLE = Automatic;
				CURRENT_PROJECT_VERSION = 1;
				GENERATE_INFOPLIST_FILE = YES;
				MARKETING_VERSION = 1.0;
				PRODUCT_BUNDLE_IDENTIFIER = "gt.JeuSudoku-FWTests";
				PRODUCT_NAME = "$(TARGET_NAME)";
				SWIFT_EMIT_LOC_STRINGS = NO;
				SWIFT_VERSION = 5.0;
			};
			name = Release;
		};
/* End XCBuildConfiguration section */

/* Begin XCConfigurationList section */
		509EC73229897D6E004B1139 /* Build configuration list for PBXProject "JeuSudoku_FW" */ = {
			isa = XCConfigurationList;
			buildConfigurations = (
				509EC74A29897D6E004B1139 /* Debug */,
				509EC74B29897D6E004B1139 /* Release */,
			);
			defaultConfigurationIsVisible = 0;
			defaultConfigurationName = Release;
		};
		509EC74C29897D6E004B1139 /* Build configuration list for PBXNativeTarget "JeuSudoku_FW" */ = {
			isa = XCConfigurationList;
			buildConfigurations = (
				509EC74D29897D6E004B1139 /* Debug */,
				509EC74E29897D6E004B1139 /* Release */,
			);
			defaultConfigurationIsVisible = 0;
			defaultConfigurationName = Release;
		};
		509EC74F29897D6E004B1139 /* Build configuration list for PBXNativeTarget "JeuSudoku_FWTests" */ = {
			isa = XCConfigurationList;
			buildConfigurations = (
				509EC75029897D6E004B1139 /* Debug */,
				509EC75129897D6E004B1139 /* Release */,
			);
			defaultConfigurationIsVisible = 0;
			defaultConfigurationName = Release;
		};
/* End XCConfigurationList section */
	};
	rootObject = 509EC72F29897D6E004B1139 /* Project object */;
}
